
Microsoft Visual Studio Solution File, Format Version 12.00
# Visual Studio Version 16
VisualStudioVersion = 16.0.30320.27
MinimumVisualStudioVersion = 10.0.40219.1
Project("{888888A0-9F3D-457C-B088-3A5042F75D52}") = "douyin_shuiyin", "douyin_shuiyin\douyin_shuiyin.pyproj", "{4BDFF873-F92E-4540-BB40-83EB52A9FC34}"
EndProject
Global
	GlobalSection(SolutionConfigurationPlatforms) = preSolution
		Debug|Any CPU = Debug|Any CPU
		Release|Any CPU = Release|Any CPU
	EndGlobalSection
	GlobalSection(ProjectConfigurationPlatforms) = postSolution
		{4BDFF873-F92E-4540-BB40-83EB52A9FC34}.Debug|Any CPU.ActiveCfg = Debug|Any CPU
		{4BDFF873-F92E-4540-BB40-83EB52A9FC34}.Release|Any CPU.ActiveCfg = Release|Any CPU
	EndGlobalSection
	GlobalSection(SolutionProperties) = preSolution
		HideSolutionNode = FALSE
	EndGlobalSection
	GlobalSection(ExtensibilityGlobals) = postSolution
		SolutionGuid = {A32D7AC5-3CAD-4EDA-9A7E-39EF24FC1E96}
	EndGlobalSection
EndGlobal
